
Microsoft Visual Studio Solution File, Format Version 12.00
# Visual Studio Version 16
VisualStudioVersion = 16.0.31424.327
MinimumVisualStudioVersion = 10.0.40219.1
Project("{FAE04EC0-301F-11D3-BF4B-00C04F79EFBC}") = "EFQueryShower", "EFQueryShower\EFQueryShower.csproj", "{8184CD6D-8B6D-4107-A557-BF1E0874F936}"
EndProject
Global
	GlobalSection(SolutionConfigurationPlatforms) = preSolution
		Debug|Any CPU = Debug|Any CPU
		Release|Any CPU = Release|Any CPU
	EndGlobalSection
	GlobalSection(ProjectConfigurationPlatforms) = postSolution
		{8184CD6D-8B6D-4107-A557-BF1E0874F936}.Debug|Any CPU.ActiveCfg = Debug|Any CPU
		{8184CD6D-8B6D-4107-A557-BF1E0874F936}.Debug|Any CPU.Build.0 = Debug|Any CPU
		{8184CD6D-8B6D-4107-A557-BF1E0874F936}.Release|Any CPU.ActiveCfg = Release|Any CPU
		{8184CD6D-8B6D-4107-A557-BF1E0874F936}.Release|Any CPU.Build.0 = Release|Any CPU
	EndGlobalSection
	GlobalSection(SolutionProperties) = preSolution
		HideSolutionNode = FALSE
	EndGlobalSection
	GlobalSection(ExtensibilityGlobals) = postSolution
		SolutionGuid = {540447F7-9247-487D-8DA5-CE0CE935415F}
	EndGlobalSection
EndGlobal
